NeoBundleLock a.vim 2cbe946206ec622d9d8cf2c99317f204c4d41885
NeoBundleLock ack.vim 6a57bc0a5877800b5621f6ade5006e58eb582845
NeoBundleLock ctrlp.vim b5d3fe66a58a13d2ff8b6391f4387608496a030f
NeoBundleLock idris-vim 7f1363b65e14a8918d17f98b7f16de8f44f6bd00
NeoBundleLock linediff.vim 0ad35a8ffc01b6208604c878504b142092437be4
NeoBundleLock neobundle.vim f5ace1d749382ab5e5a22670d57c61303a927b72
NeoBundleLock tmuxline.vim 1e638ef6b2673130db123f25b1ae1160c5289bb8
NeoBundleLock vim-airline c2ffb8b3ec114301795036f7bf22995746d2acaf
NeoBundleLock vim-airline-themes 4b7f77e770a2165726072a2b6f109f2457783080
NeoBundleLock vim-colorschemes 81c6dd7ce3169e5ad9ba92422ba6e1ce5b074e36
NeoBundleLock vim-fugitive 0095769029709b531d2505ee6ad9907dd9bd72a0
NeoBundleLock vim-tmux-navigator 85b8e5f60c1690cde57dbb66467ce39cd1b63343
