NeoBundleLock fzf.vim b31512e2a2d062ee4b6eb38864594c83f1ad2c2f
NeoBundleLock idris-vim 091ed6b267749927777423160eeab520109dd9c1
NeoBundleLock indentline 47648734706fb2cd0e4d4350f12157d1e5f4c465
NeoBundleLock linediff.vim 84165cad088402ef04906dfc9cd2eb4b2bf071fa
NeoBundleLock neobundle.vim 1306c131ff0a6cc094b7ff0727350e442b5427f1
NeoBundleLock tmuxline.vim 1142333aaef6b542f46ccd5c1e806bdd9382f005
NeoBundleLock vim-airline 86e73cade71651263715f21e58eed87cfed4518e
NeoBundleLock vim-airline-themes 78cc30cb90b50fab024098bf2a55a4441665ff03
NeoBundleLock vim-colorschemes 81c6dd7ce3169e5ad9ba92422ba6e1ce5b074e36
NeoBundleLock vim-commentary 141d9d32a9fb58fe474fcc89cd7221eb2dd57b3a
NeoBundleLock vim-cpp-enhanced-highlight 3aa95627380501d9ce77eb8ff5dcf889d0d0ac41
NeoBundleLock vim-fugitive 1b3668b89fee230c6025dc47c01c82fc1e282ac0
NeoBundleLock vim-gitgutter 7eeea63e62b1cc088a75c7a7c244fc774d82e5bb
NeoBundleLock vim-repeat 43d2678fa59d068c815d8298331c195e850ff5a7
NeoBundleLock vim-surround ca58a2d886cc18734c90c9665da4775d444b0c04
NeoBundleLock vim-tmux-navigator 4e1a877f51a17a961b8c2a285ee80aebf05ccf42
