NeoBundleLock vim-tmux-navigator d25c7ebb65a0ca3058d075158ce1b6605c954c82
NeoBundleLock ctrlp.vim b5d3fe66a58a13d2ff8b6391f4387608496a030f
NeoBundleLock vim-colorschemes 81c6dd7ce3169e5ad9ba92422ba6e1ce5b074e36
NeoBundleLock neobundle.vim 0cf6795d5e6ad5de5ad6fdd9d30677d3a466f74d
NeoBundleLock ack.vim 303bceff1c8ab1145d114083582b1aeac9de7a85
NeoBundleLock tmuxline.vim 1e638ef6b2673130db123f25b1ae1160c5289bb8
NeoBundleLock vim-airline 4a2208821e1d334c4d3cdf66cd1fd0968755e16a
NeoBundleLock a.vim 2cbe946206ec622d9d8cf2c99317f204c4d41885
NeoBundleLock vim-fugitive 2c8461db084d205903a792a23163faa546f143c9
NeoBundleLock linediff.vim b69e54f4bf0a0ee26f6582ee8764b25529610c88
